
Microsoft Visual Studio Solution File, Format Version 12.00
# Visual Studio Version 16
VisualStudioVersion = 16.0.31613.86
MinimumVisualStudioVersion = 10.0.40219.1
Project("{FAE04EC0-301F-11D3-BF4B-00C04F79EFBC}") = "CodeFirst", "CodeFirst\CodeFirst.csproj", "{92247DB0-71A8-497D-A418-740E1CC81033}"
EndProject
Global
	GlobalSection(SolutionConfigurationPlatforms) = preSolution
		Debug|Any CPU = Debug|Any CPU
		Release|Any CPU = Release|Any CPU
	EndGlobalSection
	GlobalSection(ProjectConfigurationPlatforms) = postSolution
		{92247DB0-71A8-497D-A418-740E1CC81033}.Debug|Any CPU.ActiveCfg = Debug|Any CPU
		{92247DB0-71A8-497D-A418-740E1CC81033}.Debug|Any CPU.Build.0 = Debug|Any CPU
		{92247DB0-71A8-497D-A418-740E1CC81033}.Release|Any CPU.ActiveCfg = Release|Any CPU
		{92247DB0-71A8-497D-A418-740E1CC81033}.Release|Any CPU.Build.0 = Release|Any CPU
	EndGlobalSection
	GlobalSection(SolutionProperties) = preSolution
		HideSolutionNode = FALSE
	EndGlobalSection
	GlobalSection(ExtensibilityGlobals) = postSolution
		SolutionGuid = {2B1481FB-1298-422F-9A76-7DC7689D603A}
	EndGlobalSection
EndGlobal
